github.com/landlock-lsm/go-landlock v0.0.0-20250303204525-1544bccde3a3 h1:zcMi8R8vP0WrrXlFMNUBpDy/ydo3sTnCcUPowq1XmSc=
github.com/landlock-lsm/go-landlock v0.0.0-20250303204525-1544bccde3a3/go.mod h1:RSub3ourNF8Hf+swvw49Catm3s7HVf4hzdFxDUnEzdA=
golang.org/x/sys v0.33.0 h1:q3i8TbbEz+JRD9ywIRlyRAQbM0qF7hu24q3teo2hbuw=
golang.org/x/sys v0.33.0/go.mod h1:BJP2sWEmIv4KK5OTEluFJCKSidICx8ciO85XgH3Ak8k=
kernel.org/pub/linux/libs/security/libcap/psx v1.2.70 h1:HsB2G/rEQiYyo1bGoQqHZ/Bvd6x1rERQTNdPr1FyWjI=
kernel.org/pub/linux/libs/security/libcap/psx v1.2.70/go.mod h1:+l6Ee2F59XiJ2I6WR5ObpC1utCQJZ/VLsEbQCD8RG24=
